
Microsoft Visual Studio Solution File, Format Version 12.00
# Visual Studio 2013
VisualStudioVersion = 12.0.31101.0
MinimumVisualStudioVersion = 10.0.40219.1
Project("{FAE04EC0-301F-11D3-BF4B-00C04F79EFBC}") = "FocusAppTest2", "FocusAppTest2\FocusAppTest2.csproj", "{CA87D0DA-8573-4A46-8D2E-DBF7A6A438D0}"
	ProjectSection(ProjectDependencies) = postProject
		{218E20A4-C605-4C78-AD98-09034B00E5BB} = {218E20A4-C605-4C78-AD98-09034B00E5BB}
	EndProjectSection
EndProject
Project("{FAE04EC0-301F-11D3-BF4B-00C04F79EFBC}") = "FocusWCF", "FocusWCF\FocusWCF.csproj", "{218E20A4-C605-4C78-AD98-09034B00E5BB}"
EndProject
Global
	GlobalSection(SolutionConfigurationPlatforms) = preSolution
		Debug|Any CPU = Debug|Any CPU
		Release|Any CPU = Release|Any CPU
	EndGlobalSection
	GlobalSection(ProjectConfigurationPlatforms) = postSolution
		{CA87D0DA-8573-4A46-8D2E-DBF7A6A438D0}.Debug|Any CPU.ActiveCfg = Debug|Any CPU
		{CA87D0DA-8573-4A46-8D2E-DBF7A6A438D0}.Debug|Any CPU.Build.0 = Debug|Any CPU
		{CA87D0DA-8573-4A46-8D2E-DBF7A6A438D0}.Release|Any CPU.ActiveCfg = Release|Any CPU
		{CA87D0DA-8573-4A46-8D2E-DBF7A6A438D0}.Release|Any CPU.Build.0 = Release|Any CPU
		{218E20A4-C605-4C78-AD98-09034B00E5BB}.Debug|Any CPU.ActiveCfg = Debug|Any CPU
		{218E20A4-C605-4C78-AD98-09034B00E5BB}.Debug|Any CPU.Build.0 = Debug|Any CPU
		{218E20A4-C605-4C78-AD98-09034B00E5BB}.Release|Any CPU.ActiveCfg = Release|Any CPU
		{218E20A4-C605-4C78-AD98-09034B00E5BB}.Release|Any CPU.Build.0 = Release|Any CPU
	EndGlobalSection
	GlobalSection(SolutionProperties) = preSolution
		HideSolutionNode = FALSE
	EndGlobalSection
EndGlobal
